// !$*UTF8*$!
{
	archiveVersion = 1;
	classes = {
	};
	objectVersion = 56;
	objects = {

/* Begin PBXBuildFile section */
		86B8AEF6294C27D40007271E /* BMICalculatorApp.swift in Sources */ = {isa = PBXBuildFile; fileRef = 86B8AEF5294C27D40007271E /* BMICalculatorApp.swift */; };
		86B8AEF8294C27D40007271E /* ContentView.swift in Sources */ = {isa = PBXBuildFile; fileRef = 86B8AEF7294C27D40007271E /* ContentView.swift */; };
		86B8AEFA294C27D50007271E /* Assets.xcassets in Resources */ = {isa = PBXBuildFile; fileRef = 86B8AEF9294C27D50007271E /* Assets.xcassets */; };
		86B8AEFD294C27D50007271E /* Preview Assets.xcassets in Resources */ = {isa = PBXBuildFile; fileRef = 86B8AEFC294C27D50007271E /* Preview Assets.xcassets */; };
		86B8AEFF294C27D50007271E /* Persistence.swift in Sources */ = {isa = PBXBuildFile; fileRef = 86B8AEFE294C27D50007271E /* Persistence.swift */; };
		86B8AF02294C27D50007271E /* BMICalculator.xcdatamodeld in Sources */ = {isa = PBXBuildFile; fileRef = 86B8AF00294C27D50007271E /* BMICalculator.xcdatamodeld */; };
		86B8AF0E294CACCD0007271E /* BMIResultView.swift in Sources */ = {isa = PBXBuildFile; fileRef = 86B8AF0D294CACCD0007271E /* BMIResultView.swift */; };
		86B8AF10294CACF70007271E /* MyProfileView.swift in Sources */ = {isa = PBXBuildFile; fileRef = 86B8AF0F294CACF70007271E /* MyProfileView.swift */; };
		86B8AF15294CCB360007271E /* DataText.swift in Sources */ = {isa = PBXBuildFile; fileRef = 86B8AF14294CCB360007271E /* DataText.swift */; };
		86B8AF17294CD9490007271E /* DataRow.swift in Sources */ = {isa = PBXBuildFile; fileRef = 86B8AF16294CD9490007271E /* DataRow.swift */; };
		86B8AF19294D05BE0007271E /* AddRecord.swift in Sources */ = {isa = PBXBuildFile; fileRef = 86B8AF18294D05BE0007271E /* AddRecord.swift */; };
		86B8AF1B294D05D40007271E /* UpdatePersonalInfo.swift in Sources */ = {isa = PBXBuildFile; fileRef = 86B8AF1A294D05D40007271E /* UpdatePersonalInfo.swift */; };
/* End PBXBuildFile section */

/* Begin PBXFileReference section */
		86B8AEF2294C27D40007271E /* BMICalculator.app */ = {isa = PBXFileReference; explicitFileType = wrapper.application; includeInIndex = 0; path = BMICalculator.app; sourceTree = BUILT_PRODUCTS_DIR; };
		86B8AEF5294C27D40007271E /* BMICalculatorApp.swift */ = {isa = PBXFileReference; lastKnownFileType = sourcecode.swift; path = BMICalculatorApp.swift; sourceTree = "<group>"; };
		86B8AEF7294C27D40007271E /* ContentView.swift */ = {isa = PBXFileReference; lastKnownFileType = sourcecode.swift; path = ContentView.swift; sourceTree = "<group>"; };
		86B8AEF9294C27D50007271E /* Assets.xcassets */ = {isa = PBXFileReference; lastKnownFileType = folder.assetcatalog; path = Assets.xcassets; sourceTree = "<group>"; };
		86B8AEFC294C27D50007271E /* Preview Assets.xcassets */ = {isa = PBXFileReference; lastKnownFileType = folder.assetcatalog; path = "Preview Assets.xcassets"; sourceTree = "<group>"; };
		86B8AEFE294C27D50007271E /* Persistence.swift */ = {isa = PBXFileReference; lastKnownFileType = sourcecode.swift; path = Persistence.swift; sourceTree = "<group>"; };
		86B8AF01294C27D50007271E /* BMICalculator.xcdatamodel */ = {isa = PBXFileReference; lastKnownFileType = wrapper.xcdatamodel; path = BMICalculator.xcdatamodel; sourceTree = "<group>"; };
		86B8AF0D294CACCD0007271E /* BMIResultView.swift */ = {isa = PBXFileReference; lastKnownFileType = sourcecode.swift; path = BMIResultView.swift; sourceTree = "<group>"; };
		86B8AF0F294CACF70007271E /* MyProfileView.swift */ = {isa = PBXFileReference; lastKnownFileType = sourcecode.swift; path = MyProfileView.swift; sourceTree = "<group>"; };
		86B8AF14294CCB360007271E /* DataText.swift */ = {isa = PBXFileReference; lastKnownFileType = sourcecode.swift; path = DataText.swift; sourceTree = "<group>"; };
		86B8AF16294CD9490007271E /* DataRow.swift */ = {isa = PBXFileReference; lastKnownFileType = sourcecode.swift; path = DataRow.swift; sourceTree = "<group>"; };
		86B8AF18294D05BE0007271E /* AddRecord.swift */ = {isa = PBXFileReference; lastKnownFileType = sourcecode.swift; path = AddRecord.swift; sourceTree = "<group>"; };
		86B8AF1A294D05D40007271E /* UpdatePersonalInfo.swift */ = {isa = PBXFileReference; lastKnownFileType = sourcecode.swift; path = UpdatePersonalInfo.swift; sourceTree = "<group>"; };
/* End PBXFileReference section */

/* Begin PBXFrameworksBuildPhase section */
		86B8AEEF294C27D40007271E /* Frameworks */ = {
			isa = PBXFrameworksBuildPhase;
			buildActionMask = 2147483647;
			files = (
			);
			runOnlyForDeploymentPostprocessing = 0;
		};
/* End PBXFrameworksBuildPhase section */

/* Begin PBXGroup section */
		86B8AEE9294C27D40007271E = {
			isa = PBXGroup;
			children = (
				86B8AEF4294C27D40007271E /* BMICalculator */,
				86B8AEF3294C27D40007271E /* Products */,
			);
			sourceTree = "<group>";
		};
		86B8AEF3294C27D40007271E /* Products */ = {
			isa = PBXGroup;
			children = (
				86B8AEF2294C27D40007271E /* BMICalculator.app */,
			);
			name = Products;
			sourceTree = "<group>";
		};
		86B8AEF4294C27D40007271E /* BMICalculator */ = {
			isa = PBXGroup;
			children = (
				86B8AF11294CCA420007271E /* ReusableComponnents */,
				86B8AF08294C34540007271E /* views */,
				86B8AEF5294C27D40007271E /* BMICalculatorApp.swift */,
				86B8AEF9294C27D50007271E /* Assets.xcassets */,
				86B8AEFE294C27D50007271E /* Persistence.swift */,
				86B8AF00294C27D50007271E /* BMICalculator.xcdatamodeld */,
				86B8AEFB294C27D50007271E /* Preview Content */,
			);
			path = BMICalculator;
			sourceTree = "<group>";
		};
		86B8AEFB294C27D50007271E /* Preview Content */ = {
			isa = PBXGroup;
			children = (
				86B8AEFC294C27D50007271E /* Preview Assets.xcassets */,
			);
			path = "Preview Content";
			sourceTree = "<group>";
		};
		86B8AF08294C34540007271E /* views */ = {
			isa = PBXGroup;
			children = (
				86B8AEF7294C27D40007271E /* ContentView.swift */,
				86B8AF0D294CACCD0007271E /* BMIResultView.swift */,
				86B8AF0F294CACF70007271E /* MyProfileView.swift */,
				86B8AF18294D05BE0007271E /* AddRecord.swift */,
				86B8AF1A294D05D40007271E /* UpdatePersonalInfo.swift */,
			);
			path = views;
			sourceTree = "<group>";
		};
		86B8AF11294CCA420007271E /* ReusableComponnents */ = {
			isa = PBXGroup;
			children = (
				86B8AF14294CCB360007271E /* DataText.swift */,
				86B8AF16294CD9490007271E /* DataRow.swift */,
			);
			path = ReusableComponnents;
			sourceTree = "<group>";
		};
/* End PBXGroup section */

/* Begin PBXNativeTarget section */
		86B8AEF1294C27D40007271E /* BMICalculator */ = {
			isa = PBXNativeTarget;
			buildConfigurationList = 86B8AF05294C27D50007271E /* Build configuration list for PBXNativeTarget "BMICalculator" */;
			buildPhases = (
				86B8AEEE294C27D40007271E /* Sources */,
				86B8AEEF294C27D40007271E /* Frameworks */,
				86B8AEF0294C27D40007271E /* Resources */,
			);
			buildRules = (
			);
			dependencies = (
			);
			name = BMICalculator;
			productName = BMICalculator;
			productReference = 86B8AEF2294C27D40007271E /* BMICalculator.app */;
			productType = "com.apple.product-type.application";
		};
/* End PBXNativeTarget section */

/* Begin PBXProject section */
		86B8AEEA294C27D40007271E /* Project object */ = {
			isa = PBXProject;
			attributes = {
				BuildIndependentTargetsInParallel = 1;
				LastSwiftUpdateCheck = 1420;
				LastUpgradeCheck = 1420;
				TargetAttributes = {
					86B8AEF1294C27D40007271E = {
						CreatedOnToolsVersion = 14.2;
					};
				};
			};
			buildConfigurationList = 86B8AEED294C27D40007271E /* Build configuration list for PBXProject "BMICalculator" */;
			compatibilityVersion = "Xcode 14.0";
			developmentRegion = en;
			hasScannedForEncodings = 0;
			knownRegions = (
				en,
				Base,
			);
			mainGroup = 86B8AEE9294C27D40007271E;
			productRefGroup = 86B8AEF3294C27D40007271E /* Products */;
			projectDirPath = "";
			projectRoot = "";
			targets = (
				86B8AEF1294C27D40007271E /* BMICalculator */,
			);
		};
/* End PBXProject section */

/* Begin PBXResourcesBuildPhase section */
		86B8AEF0294C27D40007271E /* Resources */ = {
			isa = PBXResourcesBuildPhase;
			buildActionMask = 2147483647;
			files = (
				86B8AEFD294C27D50007271E /* Preview Assets.xcassets in Resources */,
				86B8AEFA294C27D50007271E /* Assets.xcassets in Resources */,
			);
			runOnlyForDeploymentPostprocessing = 0;
		};
/* End PBXResourcesBuildPhase section */

/* Begin PBXSourcesBuildPhase section */
		86B8AEEE294C27D40007271E /* Sources */ = {
			isa = PBXSourcesBuildPhase;
			buildActionMask = 2147483647;
			files = (
				86B8AF1B294D05D40007271E /* UpdatePersonalInfo.swift in Sources */,
				86B8AF02294C27D50007271E /* BMICalculator.xcdatamodeld in Sources */,
				86B8AEFF294C27D50007271E /* Persistence.swift in Sources */,
				86B8AF19294D05BE0007271E /* AddRecord.swift in Sources */,
				86B8AF17294CD9490007271E /* DataRow.swift in Sources */,
				86B8AF15294CCB360007271E /* DataText.swift in Sources */,
				86B8AEF8294C27D40007271E /* ContentView.swift in Sources */,
				86B8AF0E294CACCD0007271E /* BMIResultView.swift in Sources */,
				86B8AF10294CACF70007271E /* MyProfileView.swift in Sources */,
				86B8AEF6294C27D40007271E /* BMICalculatorApp.swift in Sources */,
			);
			runOnlyForDeploymentPostprocessing = 0;
		};
/* End PBXSourcesBuildPhase section */

/* Begin XCBuildConfiguration section */
		86B8AF03294C27D50007271E /* Debug */ = {
			isa = XCBuildConfiguration;
			buildSettings = {
				ALWAYS_SEARCH_USER_PATHS = NO;
				CLANG_ANALYZER_NONNULL = YES;
				CLANG_ANALYZER_NUMBER_OBJECT_CONVERSION = YES_AGGRESSIVE;
				CLANG_CXX_LANGUAGE_STANDARD = "gnu++20";
				CLANG_ENABLE_MODULES = YES;
				CLANG_ENABLE_OBJC_ARC = YES;
				CLANG_ENABLE_OBJC_WEAK = YES;
				CLANG_WARN_BLOCK_CAPTURE_AUTORELEASING = YES;
				CLANG_WARN_BOOL_CONVERSION = YES;
				CLANG_WARN_COMMA = YES;
				CLANG_WARN_CONSTANT_CONVERSION = YES;
				CLANG_WARN_DEPRECATED_OBJC_IMPLEMENTATIONS = YES;
				CLANG_WARN_DIRECT_OBJC_ISA_USAGE = YES_ERROR;
				CLANG_WARN_DOCUMENTATION_COMMENTS = YES;
				CLANG_WARN_EMPTY_BODY = YES;
				CLANG_WARN_ENUM_CONVERSION = YES;
				CLANG_WARN_INFINITE_RECURSION = YES;
				CLANG_WARN_INT_CONVERSION = YES;
				CLANG_WARN_NON_LITERAL_NULL_CONVERSION = YES;
				CLANG_WARN_OBJC_IMPLICIT_RETAIN_SELF = YES;
				CLANG_WARN_OBJC_LITERAL_CONVERSION = YES;
				CLANG_WARN_OBJC_ROOT_CLASS = YES_ERROR;
				CLANG_WARN_QUOTED_INCLUDE_IN_FRAMEWORK_HEADER = YES;
				CLANG_WARN_RANGE_LOOP_ANALYSIS = YES;
				CLANG_WARN_STRICT_PROTOTYPES = YES;
				CLANG_WARN_SUSPICIOUS_MOVE = YES;
				CLANG_WARN_UNGUARDED_AVAILABILITY = YES_AGGRESSIVE;
				CLANG_WARN_UNREACHABLE_CODE = YES;
				CLANG_WARN__DUPLICATE_METHOD_MATCH = YES;
				COPY_PHASE_STRIP = NO;
				DEBUG_INFORMATION_FORMAT = dwarf;
				ENABLE_STRICT_OBJC_MSGSEND = YES;
				ENABLE_TESTABILITY = YES;
				GCC_C_LANGUAGE_STANDARD = gnu11;
				GCC_DYNAMIC_NO_PIC = NO;
				GCC_NO_COMMON_BLOCKS = YES;
				GCC_OPTIMIZATION_LEVEL = 0;
				GCC_PREPROCESSOR_DEFINITIONS = (
					"DEBUG=1",
					"$(inherited)",
				);
				GCC_WARN_64_TO_32_BIT_CONVERSION = YES;
				GCC_WARN_ABOUT_RETURN_TYPE = YES_ERROR;
				GCC_WARN_UNDECLARED_SELECTOR = YES;
				GCC_WARN_UNINITIALIZED_AUTOS = YES_AGGRESSIVE;
				GCC_WARN_UNUSED_FUNCTION = YES;
				GCC_WARN_UNUSED_VARIABLE = YES;
				IPHONEOS_DEPLOYMENT_TARGET = 16.2;
				MTL_ENABLE_DEBUG_INFO = INCLUDE_SOURCE;
				MTL_FAST_MATH = YES;
				ONLY_ACTIVE_ARCH = YES;
				SDKROOT = iphoneos;
				SWIFT_ACTIVE_COMPILATION_CONDITIONS = DEBUG;
				SWIFT_OPTIMIZATION_LEVEL = "-Onone";
			};
			name = Debug;
		};
		86B8AF04294C27D50007271E /* Release */ = {
			isa = XCBuildConfiguration;
			buildSettings = {
				ALWAYS_SEARCH_USER_PATHS = NO;
				CLANG_ANALYZER_NONNULL = YES;
				CLANG_ANALYZER_NUMBER_OBJECT_CONVERSION = YES_AGGRESSIVE;
				CLANG_CXX_LANGUAGE_STANDARD = "gnu++20";
				CLANG_ENABLE_MODULES = YES;
				CLANG_ENABLE_OBJC_ARC = YES;
				CLANG_ENABLE_OBJC_WEAK = YES;
				CLANG_WARN_BLOCK_CAPTURE_AUTORELEASING = YES;
				CLANG_WARN_BOOL_CONVERSION = YES;
				CLANG_WARN_COMMA = YES;
				CLANG_WARN_CONSTANT_CONVERSION = YES;
				CLANG_WARN_DEPRECATED_OBJC_IMPLEMENTATIONS = YES;
				CLANG_WARN_DIRECT_OBJC_ISA_USAGE = YES_ERROR;
				CLANG_WARN_DOCUMENTATION_COMMENTS = YES;
				CLANG_WARN_EMPTY_BODY = YES;
				CLANG_WARN_ENUM_CONVERSION = YES;
				CLANG_WARN_INFINITE_RECURSION = YES;
				CLANG_WARN_INT_CONVERSION = YES;
				CLANG_WARN_NON_LITERAL_NULL_CONVERSION = YES;
				CLANG_WARN_OBJC_IMPLICIT_RETAIN_SELF = YES;
				CLANG_WARN_OBJC_LITERAL_CONVERSION = YES;
				CLANG_WARN_OBJC_ROOT_CLASS = YES_ERROR;
				CLANG_WARN_QUOTED_INCLUDE_IN_FRAMEWORK_HEADER = YES;
				CLANG_WARN_RANGE_LOOP_ANALYSIS = YES;
				CLANG_WARN_STRICT_PROTOTYPES = YES;
				CLANG_WARN_SUSPICIOUS_MOVE = YES;
				CLANG_WARN_UNGUARDED_AVAILABILITY = YES_AGGRESSIVE;
				CLANG_WARN_UNREACHABLE_CODE = YES;
				CLANG_WARN__DUPLICATE_METHOD_MATCH = YES;
				COPY_PHASE_STRIP = NO;
				DEBUG_INFORMATION_FORMAT = "dwarf-with-dsym";
				ENABLE_NS_ASSERTIONS = NO;
				ENABLE_STRICT_OBJC_MSGSEND = YES;
				GCC_C_LANGUAGE_STANDARD = gnu11;
				GCC_NO_COMMON_BLOCKS = YES;
				GCC_WARN_64_TO_32_BIT_CONVERSION = YES;
				GCC_WARN_ABOUT_RETURN_TYPE = YES_ERROR;
				GCC_WARN_UNDECLARED_SELECTOR = YES;
				GCC_WARN_UNINITIALIZED_AUTOS = YES_AGGRESSIVE;
				GCC_WARN_UNUSED_FUNCTION = YES;
				GCC_WARN_UNUSED_VARIABLE = YES;
				IPHONEOS_DEPLOYMENT_TARGET = 16.2;
				MTL_ENABLE_DEBUG_INFO = NO;
				MTL_FAST_MATH = YES;
				SDKROOT = iphoneos;
				SWIFT_COMPILATION_MODE = wholemodule;
				SWIFT_OPTIMIZATION_LEVEL = "-O";
				VALIDATE_PRODUCT = YES;
			};
			name = Release;
		};
		86B8AF06294C27D50007271E /* Debug */ = {
			isa = XCBuildConfiguration;
			buildSettings = {
				ASSETCATALOG_COMPILER_APPICON_NAME = AppIcon;
				ASSETCATALOG_COMPILER_GLOBAL_ACCENT_COLOR_NAME = AccentColor;
				CODE_SIGN_STYLE = Automatic;
				CURRENT_PROJECT_VERSION = 1;
				DEVELOPMENT_ASSET_PATHS = "\"BMICalculator/Preview Content\"";
				DEVELOPMENT_TEAM = LS757K3KJY;
				ENABLE_PREVIEWS = YES;
				GENERATE_INFOPLIST_FILE = YES;
				INFOPLIST_KEY_UIApplicationSceneManifest_Generation = YES;
				INFOPLIST_KEY_UIApplicationSupportsIndirectInputEvents = YES;
				INFOPLIST_KEY_UILaunchScreen_Generation = YES;
				INFOPLIST_KEY_UISupportedInterfaceOrientations_iPad = "UIInterfaceOrientationPortrait UIInterfaceOrientationPortraitUpsideDown UIInterfaceOrientationLandscapeLeft UIInterfaceOrientationLandscapeRight";
				INFOPLIST_KEY_UISupportedInterfaceOrientations_iPhone = "UIInterfaceOrientationPortrait UIInterfaceOrientationLandscapeLeft UIInterfaceOrientationLandscapeRight";
				LD_RUNPATH_SEARCH_PATHS = (
					"$(inherited)",
					"@executable_path/Frameworks",
				);
				MARKETING_VERSION = 1.0;
				PRODUCT_BUNDLE_IDENTIFIER = shaikhhafizf.BMICalculator;
				PRODUCT_NAME = "$(TARGET_NAME)";
				SWIFT_EMIT_LOC_STRINGS = YES;
				SWIFT_VERSION = 5.0;
				TARGETED_DEVICE_FAMILY = "1,2";
			};
			name = Debug;
		};
		86B8AF07294C27D50007271E /* Release */ = {
			isa = XCBuildConfiguration;
			buildSettings = {
				ASSETCATALOG_COMPILER_APPICON_NAME = AppIcon;
				ASSETCATALOG_COMPILER_GLOBAL_ACCENT_COLOR_NAME = AccentColor;
				CODE_SIGN_STYLE = Automatic;
				CURRENT_PROJECT_VERSION = 1;
				DEVELOPMENT_ASSET_PATHS = "\"BMICalculator/Preview Content\"";
				DEVELOPMENT_TEAM = LS757K3KJY;
				ENABLE_PREVIEWS = YES;
				GENERATE_INFOPLIST_FILE = YES;
				INFOPLIST_KEY_UIApplicationSceneManifest_Generation = YES;
				INFOPLIST_KEY_UIApplicationSupportsIndirectInputEvents = YES;
				INFOPLIST_KEY_UILaunchScreen_Generation = YES;
				INFOPLIST_KEY_UISupportedInterfaceOrientations_iPad = "UIInterfaceOrientationPortrait UIInterfaceOrientationPortraitUpsideDown UIInterfaceOrientationLandscapeLeft UIInterfaceOrientationLandscapeRight";
				INFOPLIST_KEY_UISupportedInterfaceOrientations_iPhone = "UIInterfaceOrientationPortrait UIInterfaceOrientationLandscapeLeft UIInterfaceOrientationLandscapeRight";
				LD_RUNPATH_SEARCH_PATHS = (
					"$(inherited)",
					"@executable_path/Frameworks",
				);
				MARKETING_VERSION = 1.0;
				PRODUCT_BUNDLE_IDENTIFIER = shaikhhafizf.BMICalculator;
				PRODUCT_NAME = "$(TARGET_NAME)";
				SWIFT_EMIT_LOC_STRINGS = YES;
				SWIFT_VERSION = 5.0;
				TARGETED_DEVICE_FAMILY = "1,2";
			};
			name = Release;
		};
/* End XCBuildConfiguration section */

/* Begin XCConfigurationList section */
		86B8AEED294C27D40007271E /* Build configuration list for PBXProject "BMICalculator" */ = {
			isa = XCConfigurationList;
			buildConfigurations = (
				86B8AF03294C27D50007271E /* Debug */,
				86B8AF04294C27D50007271E /* Release */,
			);
			defaultConfigurationIsVisible = 0;
			defaultConfigurationName = Release;
		};
		86B8AF05294C27D50007271E /* Build configuration list for PBXNativeTarget "BMICalculator" */ = {
			isa = XCConfigurationList;
			buildConfigurations = (
				86B8AF06294C27D50007271E /* Debug */,
				86B8AF07294C27D50007271E /* Release */,
			);
			defaultConfigurationIsVisible = 0;
			defaultConfigurationName = Release;
		};
/* End XCConfigurationList section */

/* Begin XCVersionGroup section */
		86B8AF00294C27D50007271E /* BMICalculator.xcdatamodeld */ = {
			isa = XCVersionGroup;
			children = (
				86B8AF01294C27D50007271E /* BMICalculator.xcdatamodel */,
			);
			currentVersion = 86B8AF01294C27D50007271E /* BMICalculator.xcdatamodel */;
			path = BMICalculator.xcdatamodeld;
			sourceTree = "<group>";
			versionGroupType = wrapper.xcdatamodel;
		};
/* End XCVersionGroup section */
	};
	rootObject = 86B8AEEA294C27D40007271E /* Project object */;
}
